
Microsoft Visual Studio Solution File, Format Version 12.00
# Visual Studio Version 16
VisualStudioVersion = 16.0.29215.179
MinimumVisualStudioVersion = 10.0.40219.1
Project("{888888A0-9F3D-457C-B088-3A5042F75D52}") = "UppgPython2-9-19", "UppgPython2-9-19\UppgPython2-9-19.pyproj", "{621AF3F7-0BA7-4F7B-8E09-F29E1709569B}"
EndProject
Global
	GlobalSection(SolutionConfigurationPlatforms) = preSolution
		Debug|Any CPU = Debug|Any CPU
		Release|Any CPU = Release|Any CPU
	EndGlobalSection
	GlobalSection(ProjectConfigurationPlatforms) = postSolution
		{621AF3F7-0BA7-4F7B-8E09-F29E1709569B}.Debug|Any CPU.ActiveCfg = Debug|Any CPU
		{621AF3F7-0BA7-4F7B-8E09-F29E1709569B}.Release|Any CPU.ActiveCfg = Release|Any CPU
	EndGlobalSection
	GlobalSection(SolutionProperties) = preSolution
		HideSolutionNode = FALSE
	EndGlobalSection
	GlobalSection(ExtensibilityGlobals) = postSolution
		SolutionGuid = {02E39396-6774-445D-A9A2-999AFEF8CF1A}
	EndGlobalSection
EndGlobal
